
Microsoft Visual Studio Solution File, Format Version 12.00
# Visual Studio Version 16
VisualStudioVersion = 16.0.28803.452
MinimumVisualStudioVersion = 10.0.40219.1
Project("{2150E333-8FDC-42A3-9474-1A3956D46DE8}") = "Example00 x86", "Example00 x86", "{6D9867BA-7938-4AFF-AE3C-B71AFABB697F}"
EndProject
Project("{2150E333-8FDC-42A3-9474-1A3956D46DE8}") = "Example01", "Example01", "{C94552C2-2896-4459-AF34-A70E1D877FA7}"
EndProject
Project("{2150E333-8FDC-42A3-9474-1A3956D46DE8}") = "Example02", "Example02", "{F1CEFC41-750D-42B6-AABA-EAF8F5F8E374}"
EndProject
Project("{8BC9CEB8-8B4A-11D0-8D11-00A0C91BC942}") = "Example01", "Example01\Example01.vcxproj", "{6201EFB4-3B64-4537-BAB5-79F5CC294696}"
EndProject
Project("{8BC9CEB8-8B4A-11D0-8D11-00A0C91BC942}") = "Example02", "Example02\Example02.vcxproj", "{488E70B8-E700-417F-9AAD-0A038D6AEE66}"
EndProject
Project("{2150E333-8FDC-42A3-9474-1A3956D46DE8}") = "Example00 x64", "Example00 x64", "{A7F566A4-D25E-47B0-B843-15517C90B6A3}"
EndProject
Project("{8BC9CEB8-8B4A-11D0-8D11-00A0C91BC942}") = "Example00", "Example00 x86\Example00.vcxproj", "{4009DC5A-1ACC-4C69-BB8D-03BF4D32B0BD}"
EndProject
Project("{8BC9CEB8-8B4A-11D0-8D11-00A0C91BC942}") = "Example00", "Example00 x64\Example00.vcxproj", "{139C94A8-C95C-4FE3-A4F9-2C91FD630247}"
EndProject
Global
	GlobalSection(SolutionConfigurationPlatforms) = preSolution
		Debug|x64 = Debug|x64
		Debug|x86 = Debug|x86
		Release|x64 = Release|x64
		Release|x86 = Release|x86
	EndGlobalSection
	GlobalSection(ProjectConfigurationPlatforms) = postSolution
		{6201EFB4-3B64-4537-BAB5-79F5CC294696}.Debug|x64.ActiveCfg = Debug|Win32
		{6201EFB4-3B64-4537-BAB5-79F5CC294696}.Debug|x86.ActiveCfg = Debug|Win32
		{6201EFB4-3B64-4537-BAB5-79F5CC294696}.Debug|x86.Build.0 = Debug|Win32
		{6201EFB4-3B64-4537-BAB5-79F5CC294696}.Release|x64.ActiveCfg = Release|Win32
		{6201EFB4-3B64-4537-BAB5-79F5CC294696}.Release|x64.Build.0 = Release|Win32
		{6201EFB4-3B64-4537-BAB5-79F5CC294696}.Release|x86.ActiveCfg = Release|Win32
		{6201EFB4-3B64-4537-BAB5-79F5CC294696}.Release|x86.Build.0 = Release|Win32
		{488E70B8-E700-417F-9AAD-0A038D6AEE66}.Debug|x64.ActiveCfg = Debug|Win32
		{488E70B8-E700-417F-9AAD-0A038D6AEE66}.Debug|x86.ActiveCfg = Debug|Win32
		{488E70B8-E700-417F-9AAD-0A038D6AEE66}.Release|x64.ActiveCfg = Release|Win32
		{488E70B8-E700-417F-9AAD-0A038D6AEE66}.Release|x64.Build.0 = Release|Win32
		{488E70B8-E700-417F-9AAD-0A038D6AEE66}.Release|x86.ActiveCfg = Release|Win32
		{488E70B8-E700-417F-9AAD-0A038D6AEE66}.Release|x86.Build.0 = Release|Win32
		{4009DC5A-1ACC-4C69-BB8D-03BF4D32B0BD}.Debug|x64.ActiveCfg = Debug|x64
		{4009DC5A-1ACC-4C69-BB8D-03BF4D32B0BD}.Debug|x64.Build.0 = Debug|x64
		{4009DC5A-1ACC-4C69-BB8D-03BF4D32B0BD}.Debug|x86.ActiveCfg = Debug|Win32
		{4009DC5A-1ACC-4C69-BB8D-03BF4D32B0BD}.Debug|x86.Build.0 = Debug|Win32
		{4009DC5A-1ACC-4C69-BB8D-03BF4D32B0BD}.Release|x64.ActiveCfg = Release|x64
		{4009DC5A-1ACC-4C69-BB8D-03BF4D32B0BD}.Release|x64.Build.0 = Release|x64
		{4009DC5A-1ACC-4C69-BB8D-03BF4D32B0BD}.Release|x86.ActiveCfg = Release|Win32
		{4009DC5A-1ACC-4C69-BB8D-03BF4D32B0BD}.Release|x86.Build.0 = Release|Win32
		{139C94A8-C95C-4FE3-A4F9-2C91FD630247}.Debug|x64.ActiveCfg = Debug|x64
		{139C94A8-C95C-4FE3-A4F9-2C91FD630247}.Debug|x64.Build.0 = Debug|x64
		{139C94A8-C95C-4FE3-A4F9-2C91FD630247}.Debug|x86.ActiveCfg = Debug|x64
		{139C94A8-C95C-4FE3-A4F9-2C91FD630247}.Debug|x86.Build.0 = Debug|x64
		{139C94A8-C95C-4FE3-A4F9-2C91FD630247}.Release|x64.ActiveCfg = Release|x64
		{139C94A8-C95C-4FE3-A4F9-2C91FD630247}.Release|x64.Build.0 = Release|x64
		{139C94A8-C95C-4FE3-A4F9-2C91FD630247}.Release|x86.ActiveCfg = Release|Win32
		{139C94A8-C95C-4FE3-A4F9-2C91FD630247}.Release|x86.Build.0 = Release|Win32
	EndGlobalSection
	GlobalSection(SolutionProperties) = preSolution
		HideSolutionNode = FALSE
	EndGlobalSection
	GlobalSection(NestedProjects) = preSolution
		{6201EFB4-3B64-4537-BAB5-79F5CC294696} = {C94552C2-2896-4459-AF34-A70E1D877FA7}
		{488E70B8-E700-417F-9AAD-0A038D6AEE66} = {F1CEFC41-750D-42B6-AABA-EAF8F5F8E374}
		{4009DC5A-1ACC-4C69-BB8D-03BF4D32B0BD} = {6D9867BA-7938-4AFF-AE3C-B71AFABB697F}
		{139C94A8-C95C-4FE3-A4F9-2C91FD630247} = {A7F566A4-D25E-47B0-B843-15517C90B6A3}
	EndGlobalSection
	GlobalSection(ExtensibilityGlobals) = postSolution
		SolutionGuid = {893703A0-CB63-45CC-AFC7-7AE1FB2E28B2}
	EndGlobalSection
EndGlobal
